
Microsoft Visual Studio Solution File, Format Version 12.00
# Visual Studio Version 17
VisualStudioVersion = 17.10.35122.118
MinimumVisualStudioVersion = 10.0.40219.1
Project("{FAE04EC0-301F-11D3-BF4B-00C04F79EFBC}") = "Bai 1", "Bai 1.csproj", "{B603A7C7-189B-4F96-B71F-55E2FE708866}"
EndProject
Global
	GlobalSection(SolutionConfigurationPlatforms) = preSolution
		Debug|Any CPU = Debug|Any CPU
		Release|Any CPU = Release|Any CPU
	EndGlobalSection
	GlobalSection(ProjectConfigurationPlatforms) = postSolution
		{B603A7C7-189B-4F96-B71F-55E2FE708866}.Debug|Any CPU.ActiveCfg = Debug|Any CPU
		{B603A7C7-189B-4F96-B71F-55E2FE708866}.Debug|Any CPU.Build.0 = Debug|Any CPU
		{B603A7C7-189B-4F96-B71F-55E2FE708866}.Release|Any CPU.ActiveCfg = Release|Any CPU
		{B603A7C7-189B-4F96-B71F-55E2FE708866}.Release|Any CPU.Build.0 = Release|Any CPU
	EndGlobalSection
	GlobalSection(SolutionProperties) = preSolution
		HideSolutionNode = FALSE
	EndGlobalSection
	GlobalSection(ExtensibilityGlobals) = postSolution
		SolutionGuid = {27D1EE8F-5D5D-4834-8277-FCFC20D575E2}
	EndGlobalSection
EndGlobal
