
Microsoft Visual Studio Solution File, Format Version 12.00
# Visual Studio Version 17
VisualStudioVersion = 17.10.35122.118
MinimumVisualStudioVersion = 10.0.40219.1
Project("{FAE04EC0-301F-11D3-BF4B-00C04F79EFBC}") = "Bai 2", "Bai 2.csproj", "{64733888-B0CF-4C4B-84CE-76EABE278AFF}"
EndProject
Global
	GlobalSection(SolutionConfigurationPlatforms) = preSolution
		Debug|Any CPU = Debug|Any CPU
		Release|Any CPU = Release|Any CPU
	EndGlobalSection
	GlobalSection(ProjectConfigurationPlatforms) = postSolution
		{64733888-B0CF-4C4B-84CE-76EABE278AFF}.Debug|Any CPU.ActiveCfg = Debug|Any CPU
		{64733888-B0CF-4C4B-84CE-76EABE278AFF}.Debug|Any CPU.Build.0 = Debug|Any CPU
		{64733888-B0CF-4C4B-84CE-76EABE278AFF}.Release|Any CPU.ActiveCfg = Release|Any CPU
		{64733888-B0CF-4C4B-84CE-76EABE278AFF}.Release|Any CPU.Build.0 = Release|Any CPU
	EndGlobalSection
	GlobalSection(SolutionProperties) = preSolution
		HideSolutionNode = FALSE
	EndGlobalSection
	GlobalSection(ExtensibilityGlobals) = postSolution
		SolutionGuid = {D4C61B9B-435A-4790-A8BE-E507910A4969}
	EndGlobalSection
EndGlobal
